
Microsoft Visual Studio Solution File, Format Version 12.00
# Visual Studio Version 16
VisualStudioVersion = 16.0.29519.87
MinimumVisualStudioVersion = 10.0.40219.1
Project("{FAE04EC0-301F-11D3-BF4B-00C04F79EFBC}") = "ContosoConf", "ContosoConf.csproj", "{B7229176-8358-43B9-B04D-636E08E04037}"
EndProject
Global
	GlobalSection(SolutionConfigurationPlatforms) = preSolution
		Debug|Any CPU = Debug|Any CPU
		Release|Any CPU = Release|Any CPU
	EndGlobalSection
	GlobalSection(ProjectConfigurationPlatforms) = postSolution
		{B7229176-8358-43B9-B04D-636E08E04037}.Debug|Any CPU.ActiveCfg = Debug|Any CPU
		{B7229176-8358-43B9-B04D-636E08E04037}.Debug|Any CPU.Build.0 = Debug|Any CPU
		{B7229176-8358-43B9-B04D-636E08E04037}.Release|Any CPU.ActiveCfg = Release|Any CPU
		{B7229176-8358-43B9-B04D-636E08E04037}.Release|Any CPU.Build.0 = Release|Any CPU
	EndGlobalSection
	GlobalSection(SolutionProperties) = preSolution
		HideSolutionNode = FALSE
	EndGlobalSection
	GlobalSection(ExtensibilityGlobals) = postSolution
		SolutionGuid = {00AD5A3E-5216-4E7F-9E33-BE409A5F4880}
	EndGlobalSection
EndGlobal
